
Microsoft Visual Studio Solution File, Format Version 12.00
# Visual Studio Version 17
Project("{2150E333-8FDC-42A3-9474-1A3956D46DE8}") = "CMakePredefinedTargets", "CMakePredefinedTargets", "{9280AF6B-60DF-34CA-BD49-0FBA4EE689D0}"
EndProject
Project("{2150E333-8FDC-42A3-9474-1A3956D46DE8}") = "GLFW3", "GLFW3", "{433BFA00-CA7A-3BB9-AF30-73FB8BB91888}"
EndProject
Project("{2150E333-8FDC-42A3-9474-1A3956D46DE8}") = "Examples", "GLFW3\Examples", "{3025440F-E13E-3E21-A2CD-6CBB3496DEC6}"
EndProject
Project("{2150E333-8FDC-42A3-9474-1A3956D46DE8}") = "Tests", "GLFW3\Tests", "{B52F8879-6F57-3918-845D-AA50B444D3FF}"
EndProject
Project("{8BC9CEB8-8B4A-11D0-8D11-00A0C91BC942}") = "ALL_BUILD", "ALL_BUILD.vcxproj", "{86A912A3-5A89-321D-8FCB-3B8A00C5DA7B}"
	ProjectSection(ProjectDependencies) = postProject
		{9C759C50-533B-3BA0-B5D7-0E01E71B70BF} = {9C759C50-533B-3BA0-B5D7-0E01E71B70BF}
		{87C58ABB-EDC3-3597-ACE6-15DD1E0D390F} = {87C58ABB-EDC3-3597-ACE6-15DD1E0D390F}
		{A80C8E60-220B-35DB-B16F-98EA4F93A9AB} = {A80C8E60-220B-35DB-B16F-98EA4F93A9AB}
		{A551495C-1E46-31D9-88FE-DF9476313433} = {A551495C-1E46-31D9-88FE-DF9476313433}
		{377CD936-2D26-331F-BD16-5504A3E44DAC} = {377CD936-2D26-331F-BD16-5504A3E44DAC}
		{9569D437-B3A7-3D11-BAF0-56D804F61AC3} = {9569D437-B3A7-3D11-BAF0-56D804F61AC3}
		{C100325B-26D8-3B53-A806-CC61367FF1BF} = {C100325B-26D8-3B53-A806-CC61367FF1BF}
		{8046A816-C648-39C7-8160-BB59F67268E0} = {8046A816-C648-39C7-8160-BB59F67268E0}
		{E229D851-0897-3FB4-B268-87463FB2E4B0} = {E229D851-0897-3FB4-B268-87463FB2E4B0}
		{E94D502E-D940-38E0-A16E-CEBAE76B5BDE} = {E94D502E-D940-38E0-A16E-CEBAE76B5BDE}
		{52B450AC-3AD6-34CF-931C-224DD51913C2} = {52B450AC-3AD6-34CF-931C-224DD51913C2}
		{77D0D363-6CD9-3D76-AC8B-CA4B98DF974F} = {77D0D363-6CD9-3D76-AC8B-CA4B98DF974F}
		{1134EC9D-AB95-383E-AC36-3715F615EA01} = {1134EC9D-AB95-383E-AC36-3715F615EA01}
		{54C04057-FCEB-3503-B907-5C6F71F592D2} = {54C04057-FCEB-3503-B907-5C6F71F592D2}
		{34727321-7CB8-3B53-8A5A-936D757BE06D} = {34727321-7CB8-3B53-8A5A-936D757BE06D}
		{17571390-239D-305A-A695-A19D18723CC1} = {17571390-239D-305A-A695-A19D18723CC1}
		{1643B3A2-898F-3C38-8321-FA9481E3D3B1} = {1643B3A2-898F-3C38-8321-FA9481E3D3B1}
		{D1676E69-1B21-3023-93AB-E2366090EB1A} = {D1676E69-1B21-3023-93AB-E2366090EB1A}
		{66FDF49C-356C-3A38-BFB5-D6AE67426369} = {66FDF49C-356C-3A38-BFB5-D6AE67426369}
		{4507D81E-293A-36F8-868C-F18ABCE9F568} = {4507D81E-293A-36F8-868C-F18ABCE9F568}
		{F2B7784E-6012-358A-A3AC-86367D34C065} = {F2B7784E-6012-358A-A3AC-86367D34C065}
		{6C9C09B8-2ACD-3592-B953-11EE99FFA181} = {6C9C09B8-2ACD-3592-B953-11EE99FFA181}
		{A5AD298B-ABCE-36E9-BF80-CBCF71E185B1} = {A5AD298B-ABCE-36E9-BF80-CBCF71E185B1}
		{FAF284F0-19D4-3988-B053-C82EB015684B} = {FAF284F0-19D4-3988-B053-C82EB015684B}
		{DFD830D2-CF59-3F2A-8144-1A6727A3A65B} = {DFD830D2-CF59-3F2A-8144-1A6727A3A65B}
		{10C56754-3461-3D25-8207-2D3883FEDB32} = {10C56754-3461-3D25-8207-2D3883FEDB32}
		{64E20319-47F9-3FE5-8557-B977EF9F488E} = {64E20319-47F9-3FE5-8557-B977EF9F488E}
		{2F2E5F74-E77C-360C-9B23-7DF927E1DF7D} = {2F2E5F74-E77C-360C-9B23-7DF927E1DF7D}
		{CACAAE4D-0FAE-3D3E-BD87-0CA6AE216384} = {CACAAE4D-0FAE-3D3E-BD87-0CA6AE216384}
		{A4D5C74F-E6B5-3367-B505-BC58D1748683} = {A4D5C74F-E6B5-3367-B505-BC58D1748683}
		{0CA8D1E0-16AB-3932-BAFD-44A43EE53D37} = {0CA8D1E0-16AB-3932-BAFD-44A43EE53D37}
	EndProjectSection
EndProject
Project("{8BC9CEB8-8B4A-11D0-8D11-00A0C91BC942}") = "INSTALL", "INSTALL.vcxproj", "{EEDF5E20-254F-3643-B181-D71D404BD93E}"
	ProjectSection(ProjectDependencies) = postProject
		{86A912A3-5A89-321D-8FCB-3B8A00C5DA7B} = {86A912A3-5A89-321D-8FCB-3B8A00C5DA7B}
		{9C759C50-533B-3BA0-B5D7-0E01E71B70BF} = {9C759C50-533B-3BA0-B5D7-0E01E71B70BF}
	EndProjectSection
EndProject
Project("{8BC9CEB8-8B4A-11D0-8D11-00A0C91BC942}") = "ZERO_CHECK", "..\..\\ZERO_CHECK.vcxproj", "{9C759C50-533B-3BA0-B5D7-0E01E71B70BF}"
	ProjectSection(ProjectDependencies) = postProject
	EndProjectSection
EndProject
Project("{8BC9CEB8-8B4A-11D0-8D11-00A0C91BC942}") = "boing", "examples\boing.vcxproj", "{87C58ABB-EDC3-3597-ACE6-15DD1E0D390F}"
	ProjectSection(ProjectDependencies) = postProject
		{9C759C50-533B-3BA0-B5D7-0E01E71B70BF} = {9C759C50-533B-3BA0-B5D7-0E01E71B70BF}
		{E229D851-0897-3FB4-B268-87463FB2E4B0} = {E229D851-0897-3FB4-B268-87463FB2E4B0}
	EndProjectSection
EndProject
Project("{8BC9CEB8-8B4A-11D0-8D11-00A0C91BC942}") = "clipboard", "tests\clipboard.vcxproj", "{A80C8E60-220B-35DB-B16F-98EA4F93A9AB}"
	ProjectSection(ProjectDependencies) = postProject
		{9C759C50-533B-3BA0-B5D7-0E01E71B70BF} = {9C759C50-533B-3BA0-B5D7-0E01E71B70BF}
		{E229D851-0897-3FB4-B268-87463FB2E4B0} = {E229D851-0897-3FB4-B268-87463FB2E4B0}
	EndProjectSection
EndProject
Project("{8BC9CEB8-8B4A-11D0-8D11-00A0C91BC942}") = "cursor", "tests\cursor.vcxproj", "{A551495C-1E46-31D9-88FE-DF9476313433}"
	ProjectSection(ProjectDependencies) = postProject
		{9C759C50-533B-3BA0-B5D7-0E01E71B70BF} = {9C759C50-533B-3BA0-B5D7-0E01E71B70BF}
		{E229D851-0897-3FB4-B268-87463FB2E4B0} = {E229D851-0897-3FB4-B268-87463FB2E4B0}
	EndProjectSection
EndProject
Project("{8BC9CEB8-8B4A-11D0-8D11-00A0C91BC942}") = "empty", "tests\empty.vcxproj", "{377CD936-2D26-331F-BD16-5504A3E44DAC}"
	ProjectSection(ProjectDependencies) = postProject
		{9C759C50-533B-3BA0-B5D7-0E01E71B70BF} = {9C759C50-533B-3BA0-B5D7-0E01E71B70BF}
		{E229D851-0897-3FB4-B268-87463FB2E4B0} = {E229D851-0897-3FB4-B268-87463FB2E4B0}
	EndProjectSection
EndProject
Project("{8BC9CEB8-8B4A-11D0-8D11-00A0C91BC942}") = "events", "tests\events.vcxproj", "{9569D437-B3A7-3D11-BAF0-56D804F61AC3}"
	ProjectSection(ProjectDependencies) = postProject
		{9C759C50-533B-3BA0-B5D7-0E01E71B70BF} = {9C759C50-533B-3BA0-B5D7-0E01E71B70BF}
		{E229D851-0897-3FB4-B268-87463FB2E4B0} = {E229D851-0897-3FB4-B268-87463FB2E4B0}
	EndProjectSection
EndProject
Project("{8BC9CEB8-8B4A-11D0-8D11-00A0C91BC942}") = "gamma", "tests\gamma.vcxproj", "{C100325B-26D8-3B53-A806-CC61367FF1BF}"
	ProjectSection(ProjectDependencies) = postProject
		{9C759C50-533B-3BA0-B5D7-0E01E71B70BF} = {9C759C50-533B-3BA0-B5D7-0E01E71B70BF}
		{E229D851-0897-3FB4-B268-87463FB2E4B0} = {E229D851-0897-3FB4-B268-87463FB2E4B0}
	EndProjectSection
EndProject
Project("{8BC9CEB8-8B4A-11D0-8D11-00A0C91BC942}") = "gears", "examples\gears.vcxproj", "{8046A816-C648-39C7-8160-BB59F67268E0}"
	ProjectSection(ProjectDependencies) = postProject
		{9C759C50-533B-3BA0-B5D7-0E01E71B70BF} = {9C759C50-533B-3BA0-B5D7-0E01E71B70BF}
		{E229D851-0897-3FB4-B268-87463FB2E4B0} = {E229D851-0897-3FB4-B268-87463FB2E4B0}
	EndProjectSection
EndProject
Project("{8BC9CEB8-8B4A-11D0-8D11-00A0C91BC942}") = "glfw", "src\glfw.vcxproj", "{E229D851-0897-3FB4-B268-87463FB2E4B0}"
	ProjectSection(ProjectDependencies) = postProject
		{9C759C50-533B-3BA0-B5D7-0E01E71B70BF} = {9C759C50-533B-3BA0-B5D7-0E01E71B70BF}
	EndProjectSection
EndProject
Project("{8BC9CEB8-8B4A-11D0-8D11-00A0C91BC942}") = "glfwinfo", "tests\glfwinfo.vcxproj", "{E94D502E-D940-38E0-A16E-CEBAE76B5BDE}"
	ProjectSection(ProjectDependencies) = postProject
		{9C759C50-533B-3BA0-B5D7-0E01E71B70BF} = {9C759C50-533B-3BA0-B5D7-0E01E71B70BF}
		{E229D851-0897-3FB4-B268-87463FB2E4B0} = {E229D851-0897-3FB4-B268-87463FB2E4B0}
	EndProjectSection
EndProject
Project("{8BC9CEB8-8B4A-11D0-8D11-00A0C91BC942}") = "heightmap", "examples\heightmap.vcxproj", "{52B450AC-3AD6-34CF-931C-224DD51913C2}"
	ProjectSection(ProjectDependencies) = postProject
		{9C759C50-533B-3BA0-B5D7-0E01E71B70BF} = {9C759C50-533B-3BA0-B5D7-0E01E71B70BF}
		{E229D851-0897-3FB4-B268-87463FB2E4B0} = {E229D851-0897-3FB4-B268-87463FB2E4B0}
	EndProjectSection
EndProject
Project("{8BC9CEB8-8B4A-11D0-8D11-00A0C91BC942}") = "icon", "tests\icon.vcxproj", "{77D0D363-6CD9-3D76-AC8B-CA4B98DF974F}"
	ProjectSection(ProjectDependencies) = postProject
		{9C759C50-533B-3BA0-B5D7-0E01E71B70BF} = {9C759C50-533B-3BA0-B5D7-0E01E71B70BF}
		{E229D851-0897-3FB4-B268-87463FB2E4B0} = {E229D851-0897-3FB4-B268-87463FB2E4B0}
	EndProjectSection
EndProject
Project("{8BC9CEB8-8B4A-11D0-8D11-00A0C91BC942}") = "iconify", "tests\iconify.vcxproj", "{1134EC9D-AB95-383E-AC36-3715F615EA01}"
	ProjectSection(ProjectDependencies) = postProject
		{9C759C50-533B-3BA0-B5D7-0E01E71B70BF} = {9C759C50-533B-3BA0-B5D7-0E01E71B70BF}
		{E229D851-0897-3FB4-B268-87463FB2E4B0} = {E229D851-0897-3FB4-B268-87463FB2E4B0}
	EndProjectSection
EndProject
Project("{8BC9CEB8-8B4A-11D0-8D11-00A0C91BC942}") = "inputlag", "tests\inputlag.vcxproj", "{54C04057-FCEB-3503-B907-5C6F71F592D2}"
	ProjectSection(ProjectDependencies) = postProject
		{9C759C50-533B-3BA0-B5D7-0E01E71B70BF} = {9C759C50-533B-3BA0-B5D7-0E01E71B70BF}
		{E229D851-0897-3FB4-B268-87463FB2E4B0} = {E229D851-0897-3FB4-B268-87463FB2E4B0}
	EndProjectSection
EndProject
Project("{8BC9CEB8-8B4A-11D0-8D11-00A0C91BC942}") = "joysticks", "tests\joysticks.vcxproj", "{34727321-7CB8-3B53-8A5A-936D757BE06D}"
	ProjectSection(ProjectDependencies) = postProject
		{9C759C50-533B-3BA0-B5D7-0E01E71B70BF} = {9C759C50-533B-3BA0-B5D7-0E01E71B70BF}
		{E229D851-0897-3FB4-B268-87463FB2E4B0} = {E229D851-0897-3FB4-B268-87463FB2E4B0}
	EndProjectSection
EndProject
Project("{8BC9CEB8-8B4A-11D0-8D11-00A0C91BC942}") = "monitors", "tests\monitors.vcxproj", "{17571390-239D-305A-A695-A19D18723CC1}"
	ProjectSection(ProjectDependencies) = postProject
		{9C759C50-533B-3BA0-B5D7-0E01E71B70BF} = {9C759C50-533B-3BA0-B5D7-0E01E71B70BF}
		{E229D851-0897-3FB4-B268-87463FB2E4B0} = {E229D851-0897-3FB4-B268-87463FB2E4B0}
	EndProjectSection
EndProject
Project("{8BC9CEB8-8B4A-11D0-8D11-00A0C91BC942}") = "msaa", "tests\msaa.vcxproj", "{1643B3A2-898F-3C38-8321-FA9481E3D3B1}"
	ProjectSection(ProjectDependencies) = postProject
		{9C759C50-533B-3BA0-B5D7-0E01E71B70BF} = {9C759C50-533B-3BA0-B5D7-0E01E71B70BF}
		{E229D851-0897-3FB4-B268-87463FB2E4B0} = {E229D851-0897-3FB4-B268-87463FB2E4B0}
	EndProjectSection
EndProject
Project("{8BC9CEB8-8B4A-11D0-8D11-00A0C91BC942}") = "offscreen", "examples\offscreen.vcxproj", "{D1676E69-1B21-3023-93AB-E2366090EB1A}"
	ProjectSection(ProjectDependencies) = postProject
		{9C759C50-533B-3BA0-B5D7-0E01E71B70BF} = {9C759C50-533B-3BA0-B5D7-0E01E71B70BF}
		{E229D851-0897-3FB4-B268-87463FB2E4B0} = {E229D851-0897-3FB4-B268-87463FB2E4B0}
	EndProjectSection
EndProject
Project("{8BC9CEB8-8B4A-11D0-8D11-00A0C91BC942}") = "opacity", "tests\opacity.vcxproj", "{66FDF49C-356C-3A38-BFB5-D6AE67426369}"
	ProjectSection(ProjectDependencies) = postProject
		{9C759C50-533B-3BA0-B5D7-0E01E71B70BF} = {9C759C50-533B-3BA0-B5D7-0E01E71B70BF}
		{E229D851-0897-3FB4-B268-87463FB2E4B0} = {E229D851-0897-3FB4-B268-87463FB2E4B0}
	EndProjectSection
EndProject
Project("{8BC9CEB8-8B4A-11D0-8D11-00A0C91BC942}") = "particles", "examples\particles.vcxproj", "{4507D81E-293A-36F8-868C-F18ABCE9F568}"
	ProjectSection(ProjectDependencies) = postProject
		{9C759C50-533B-3BA0-B5D7-0E01E71B70BF} = {9C759C50-533B-3BA0-B5D7-0E01E71B70BF}
		{E229D851-0897-3FB4-B268-87463FB2E4B0} = {E229D851-0897-3FB4-B268-87463FB2E4B0}
	EndProjectSection
EndProject
Project("{8BC9CEB8-8B4A-11D0-8D11-00A0C91BC942}") = "reopen", "tests\reopen.vcxproj", "{F2B7784E-6012-358A-A3AC-86367D34C065}"
	ProjectSection(ProjectDependencies) = postProject
		{9C759C50-533B-3BA0-B5D7-0E01E71B70BF} = {9C759C50-533B-3BA0-B5D7-0E01E71B70BF}
		{E229D851-0897-3FB4-B268-87463FB2E4B0} = {E229D851-0897-3FB4-B268-87463FB2E4B0}
	EndProjectSection
EndProject
Project("{8BC9CEB8-8B4A-11D0-8D11-00A0C91BC942}") = "sharing", "examples\sharing.vcxproj", "{6C9C09B8-2ACD-3592-B953-11EE99FFA181}"
	ProjectSection(ProjectDependencies) = postProject
		{9C759C50-533B-3BA0-B5D7-0E01E71B70BF} = {9C759C50-533B-3BA0-B5D7-0E01E71B70BF}
		{E229D851-0897-3FB4-B268-87463FB2E4B0} = {E229D851-0897-3FB4-B268-87463FB2E4B0}
	EndProjectSection
EndProject
Project("{8BC9CEB8-8B4A-11D0-8D11-00A0C91BC942}") = "simple", "examples\simple.vcxproj", "{A5AD298B-ABCE-36E9-BF80-CBCF71E185B1}"
	ProjectSection(ProjectDependencies) = postProject
		{9C759C50-533B-3BA0-B5D7-0E01E71B70BF} = {9C759C50-533B-3BA0-B5D7-0E01E71B70BF}
		{E229D851-0897-3FB4-B268-87463FB2E4B0} = {E229D851-0897-3FB4-B268-87463FB2E4B0}
	EndProjectSection
EndProject
Project("{8BC9CEB8-8B4A-11D0-8D11-00A0C91BC942}") = "splitview", "examples\splitview.vcxproj", "{FAF284F0-19D4-3988-B053-C82EB015684B}"
	ProjectSection(ProjectDependencies) = postProject
		{9C759C50-533B-3BA0-B5D7-0E01E71B70BF} = {9C759C50-533B-3BA0-B5D7-0E01E71B70BF}
		{E229D851-0897-3FB4-B268-87463FB2E4B0} = {E229D851-0897-3FB4-B268-87463FB2E4B0}
	EndProjectSection
EndProject
Project("{8BC9CEB8-8B4A-11D0-8D11-00A0C91BC942}") = "tearing", "tests\tearing.vcxproj", "{DFD830D2-CF59-3F2A-8144-1A6727A3A65B}"
	ProjectSection(ProjectDependencies) = postProject
		{9C759C50-533B-3BA0-B5D7-0E01E71B70BF} = {9C759C50-533B-3BA0-B5D7-0E01E71B70BF}
		{E229D851-0897-3FB4-B268-87463FB2E4B0} = {E229D851-0897-3FB4-B268-87463FB2E4B0}
	EndProjectSection
EndProject
Project("{8BC9CEB8-8B4A-11D0-8D11-00A0C91BC942}") = "threads", "tests\threads.vcxproj", "{10C56754-3461-3D25-8207-2D3883FEDB32}"
	ProjectSection(ProjectDependencies) = postProject
		{9C759C50-533B-3BA0-B5D7-0E01E71B70BF} = {9C759C50-533B-3BA0-B5D7-0E01E71B70BF}
		{E229D851-0897-3FB4-B268-87463FB2E4B0} = {E229D851-0897-3FB4-B268-87463FB2E4B0}
	EndProjectSection
EndProject
Project("{8BC9CEB8-8B4A-11D0-8D11-00A0C91BC942}") = "timeout", "tests\timeout.vcxproj", "{64E20319-47F9-3FE5-8557-B977EF9F488E}"
	ProjectSection(ProjectDependencies) = postProject
		{9C759C50-533B-3BA0-B5D7-0E01E71B70BF} = {9C759C50-533B-3BA0-B5D7-0E01E71B70BF}
		{E229D851-0897-3FB4-B268-87463FB2E4B0} = {E229D851-0897-3FB4-B268-87463FB2E4B0}
	EndProjectSection
EndProject
Project("{8BC9CEB8-8B4A-11D0-8D11-00A0C91BC942}") = "title", "tests\title.vcxproj", "{2F2E5F74-E77C-360C-9B23-7DF927E1DF7D}"
	ProjectSection(ProjectDependencies) = postProject
		{9C759C50-533B-3BA0-B5D7-0E01E71B70BF} = {9C759C50-533B-3BA0-B5D7-0E01E71B70BF}
		{E229D851-0897-3FB4-B268-87463FB2E4B0} = {E229D851-0897-3FB4-B268-87463FB2E4B0}
	EndProjectSection
EndProject
Project("{8BC9CEB8-8B4A-11D0-8D11-00A0C91BC942}") = "triangle-vulkan", "tests\triangle-vulkan.vcxproj", "{CACAAE4D-0FAE-3D3E-BD87-0CA6AE216384}"
	ProjectSection(ProjectDependencies) = postProject
		{9C759C50-533B-3BA0-B5D7-0E01E71B70BF} = {9C759C50-533B-3BA0-B5D7-0E01E71B70BF}
		{E229D851-0897-3FB4-B268-87463FB2E4B0} = {E229D851-0897-3FB4-B268-87463FB2E4B0}
	EndProjectSection
EndProject
Project("{8BC9CEB8-8B4A-11D0-8D11-00A0C91BC942}") = "uninstall", "uninstall.vcxproj", "{7942A971-9098-3391-8A93-C6943D05A4CD}"
	ProjectSection(ProjectDependencies) = postProject
		{9C759C50-533B-3BA0-B5D7-0E01E71B70BF} = {9C759C50-533B-3BA0-B5D7-0E01E71B70BF}
	EndProjectSection
EndProject
Project("{8BC9CEB8-8B4A-11D0-8D11-00A0C91BC942}") = "update_mappings", "src\update_mappings.vcxproj", "{B75774BB-AFC7-39EF-BEA7-2DBF6CD7D207}"
	ProjectSection(ProjectDependencies) = postProject
		{9C759C50-533B-3BA0-B5D7-0E01E71B70BF} = {9C759C50-533B-3BA0-B5D7-0E01E71B70BF}
	EndProjectSection
EndProject
Project("{8BC9CEB8-8B4A-11D0-8D11-00A0C91BC942}") = "wave", "examples\wave.vcxproj", "{A4D5C74F-E6B5-3367-B505-BC58D1748683}"
	ProjectSection(ProjectDependencies) = postProject
		{9C759C50-533B-3BA0-B5D7-0E01E71B70BF} = {9C759C50-533B-3BA0-B5D7-0E01E71B70BF}
		{E229D851-0897-3FB4-B268-87463FB2E4B0} = {E229D851-0897-3FB4-B268-87463FB2E4B0}
	EndProjectSection
EndProject
Project("{8BC9CEB8-8B4A-11D0-8D11-00A0C91BC942}") = "windows", "tests\windows.vcxproj", "{0CA8D1E0-16AB-3932-BAFD-44A43EE53D37}"
	ProjectSection(ProjectDependencies) = postProject
		{9C759C50-533B-3BA0-B5D7-0E01E71B70BF} = {9C759C50-533B-3BA0-B5D7-0E01E71B70BF}
		{E229D851-0897-3FB4-B268-87463FB2E4B0} = {E229D851-0897-3FB4-B268-87463FB2E4B0}
	EndProjectSection
EndProject
Global
	GlobalSection(SolutionConfigurationPlatforms) = preSolution
		Debug|x64 = Debug|x64
		Release|x64 = Release|x64
		MinSizeRel|x64 = MinSizeRel|x64
		RelWithDebInfo|x64 = RelWithDebInfo|x64
	EndGlobalSection
	GlobalSection(ProjectConfigurationPlatforms) = postSolution
		{86A912A3-5A89-321D-8FCB-3B8A00C5DA7B}.Debug|x64.ActiveCfg = Debug|x64
		{86A912A3-5A89-321D-8FCB-3B8A00C5DA7B}.Debug|x64.Build.0 = Debug|x64
		{86A912A3-5A89-321D-8FCB-3B8A00C5DA7B}.Release|x64.ActiveCfg = Release|x64
		{86A912A3-5A89-321D-8FCB-3B8A00C5DA7B}.Release|x64.Build.0 = Release|x64
		{86A912A3-5A89-321D-8FCB-3B8A00C5DA7B}.MinSizeRel|x64.ActiveCfg = MinSizeRel|x64
		{86A912A3-5A89-321D-8FCB-3B8A00C5DA7B}.MinSizeRel|x64.Build.0 = MinSizeRel|x64
		{86A912A3-5A89-321D-8FCB-3B8A00C5DA7B}.RelWithDebInfo|x64.ActiveCfg = RelWithDebInfo|x64
		{86A912A3-5A89-321D-8FCB-3B8A00C5DA7B}.RelWithDebInfo|x64.Build.0 = RelWithDebInfo|x64
		{EEDF5E20-254F-3643-B181-D71D404BD93E}.Debug|x64.ActiveCfg = Debug|x64
		{EEDF5E20-254F-3643-B181-D71D404BD93E}.Release|x64.ActiveCfg = Release|x64
		{EEDF5E20-254F-3643-B181-D71D404BD93E}.MinSizeRel|x64.ActiveCfg = MinSizeRel|x64
		{EEDF5E20-254F-3643-B181-D71D404BD93E}.RelWithDebInfo|x64.ActiveCfg = RelWithDebInfo|x64
		{9C759C50-533B-3BA0-B5D7-0E01E71B70BF}.Debug|x64.ActiveCfg = Debug|x64
		{9C759C50-533B-3BA0-B5D7-0E01E71B70BF}.Debug|x64.Build.0 = Debug|x64
		{9C759C50-533B-3BA0-B5D7-0E01E71B70BF}.Release|x64.ActiveCfg = Release|x64
		{9C759C50-533B-3BA0-B5D7-0E01E71B70BF}.Release|x64.Build.0 = Release|x64
		{9C759C50-533B-3BA0-B5D7-0E01E71B70BF}.MinSizeRel|x64.ActiveCfg = MinSizeRel|x64
		{9C759C50-533B-3BA0-B5D7-0E01E71B70BF}.MinSizeRel|x64.Build.0 = MinSizeRel|x64
		{9C759C50-533B-3BA0-B5D7-0E01E71B70BF}.RelWithDebInfo|x64.ActiveCfg = RelWithDebInfo|x64
		{9C759C50-533B-3BA0-B5D7-0E01E71B70BF}.RelWithDebInfo|x64.Build.0 = RelWithDebInfo|x64
		{87C58ABB-EDC3-3597-ACE6-15DD1E0D390F}.Debug|x64.ActiveCfg = Debug|x64
		{87C58ABB-EDC3-3597-ACE6-15DD1E0D390F}.Debug|x64.Build.0 = Debug|x64
		{87C58ABB-EDC3-3597-ACE6-15DD1E0D390F}.Release|x64.ActiveCfg = Release|x64
		{87C58ABB-EDC3-3597-ACE6-15DD1E0D390F}.Release|x64.Build.0 = Release|x64
		{87C58ABB-EDC3-3597-ACE6-15DD1E0D390F}.MinSizeRel|x64.ActiveCfg = MinSizeRel|x64
		{87C58ABB-EDC3-3597-ACE6-15DD1E0D390F}.MinSizeRel|x64.Build.0 = MinSizeRel|x64
		{87C58ABB-EDC3-3597-ACE6-15DD1E0D390F}.RelWithDebInfo|x64.ActiveCfg = RelWithDebInfo|x64
		{87C58ABB-EDC3-3597-ACE6-15DD1E0D390F}.RelWithDebInfo|x64.Build.0 = RelWithDebInfo|x64
		{A80C8E60-220B-35DB-B16F-98EA4F93A9AB}.Debug|x64.ActiveCfg = Debug|x64
		{A80C8E60-220B-35DB-B16F-98EA4F93A9AB}.Debug|x64.Build.0 = Debug|x64
		{A80C8E60-220B-35DB-B16F-98EA4F93A9AB}.Release|x64.ActiveCfg = Release|x64
		{A80C8E60-220B-35DB-B16F-98EA4F93A9AB}.Release|x64.Build.0 = Release|x64
		{A80C8E60-220B-35DB-B16F-98EA4F93A9AB}.MinSizeRel|x64.ActiveCfg = MinSizeRel|x64
		{A80C8E60-220B-35DB-B16F-98EA4F93A9AB}.MinSizeRel|x64.Build.0 = MinSizeRel|x64
		{A80C8E60-220B-35DB-B16F-98EA4F93A9AB}.RelWithDebInfo|x64.ActiveCfg = RelWithDebInfo|x64
		{A80C8E60-220B-35DB-B16F-98EA4F93A9AB}.RelWithDebInfo|x64.Build.0 = RelWithDebInfo|x64
		{A551495C-1E46-31D9-88FE-DF9476313433}.Debug|x64.ActiveCfg = Debug|x64
		{A551495C-1E46-31D9-88FE-DF9476313433}.Debug|x64.Build.0 = Debug|x64
		{A551495C-1E46-31D9-88FE-DF9476313433}.Release|x64.ActiveCfg = Release|x64
		{A551495C-1E46-31D9-88FE-DF9476313433}.Release|x64.Build.0 = Release|x64
		{A551495C-1E46-31D9-88FE-DF9476313433}.MinSizeRel|x64.ActiveCfg = MinSizeRel|x64
		{A551495C-1E46-31D9-88FE-DF9476313433}.MinSizeRel|x64.Build.0 = MinSizeRel|x64
		{A551495C-1E46-31D9-88FE-DF9476313433}.RelWithDebInfo|x64.ActiveCfg = RelWithDebInfo|x64
		{A551495C-1E46-31D9-88FE-DF9476313433}.RelWithDebInfo|x64.Build.0 = RelWithDebInfo|x64
		{377CD936-2D26-331F-BD16-5504A3E44DAC}.Debug|x64.ActiveCfg = Debug|x64
		{377CD936-2D26-331F-BD16-5504A3E44DAC}.Debug|x64.Build.0 = Debug|x64
		{377CD936-2D26-331F-BD16-5504A3E44DAC}.Release|x64.ActiveCfg = Release|x64
		{377CD936-2D26-331F-BD16-5504A3E44DAC}.Release|x64.Build.0 = Release|x64
		{377CD936-2D26-331F-BD16-5504A3E44DAC}.MinSizeRel|x64.ActiveCfg = MinSizeRel|x64
		{377CD936-2D26-331F-BD16-5504A3E44DAC}.MinSizeRel|x64.Build.0 = MinSizeRel|x64
		{377CD936-2D26-331F-BD16-5504A3E44DAC}.RelWithDebInfo|x64.ActiveCfg = RelWithDebInfo|x64
		{377CD936-2D26-331F-BD16-5504A3E44DAC}.RelWithDebInfo|x64.Build.0 = RelWithDebInfo|x64
		{9569D437-B3A7-3D11-BAF0-56D804F61AC3}.Debug|x64.ActiveCfg = Debug|x64
		{9569D437-B3A7-3D11-BAF0-56D804F61AC3}.Debug|x64.Build.0 = Debug|x64
		{9569D437-B3A7-3D11-BAF0-56D804F61AC3}.Release|x64.ActiveCfg = Release|x64
		{9569D437-B3A7-3D11-BAF0-56D804F61AC3}.Release|x64.Build.0 = Release|x64
		{9569D437-B3A7-3D11-BAF0-56D804F61AC3}.MinSizeRel|x64.ActiveCfg = MinSizeRel|x64
		{9569D437-B3A7-3D11-BAF0-56D804F61AC3}.MinSizeRel|x64.Build.0 = MinSizeRel|x64
		{9569D437-B3A7-3D11-BAF0-56D804F61AC3}.RelWithDebInfo|x64.ActiveCfg = RelWithDebInfo|x64
		{9569D437-B3A7-3D11-BAF0-56D804F61AC3}.RelWithDebInfo|x64.Build.0 = RelWithDebInfo|x64
		{C100325B-26D8-3B53-A806-CC61367FF1BF}.Debug|x64.ActiveCfg = Debug|x64
		{C100325B-26D8-3B53-A806-CC61367FF1BF}.Debug|x64.Build.0 = Debug|x64
		{C100325B-26D8-3B53-A806-CC61367FF1BF}.Release|x64.ActiveCfg = Release|x64
		{C100325B-26D8-3B53-A806-CC61367FF1BF}.Release|x64.Build.0 = Release|x64
		{C100325B-26D8-3B53-A806-CC61367FF1BF}.MinSizeRel|x64.ActiveCfg = MinSizeRel|x64
		{C100325B-26D8-3B53-A806-CC61367FF1BF}.MinSizeRel|x64.Build.0 = MinSizeRel|x64
		{C100325B-26D8-3B53-A806-CC61367FF1BF}.RelWithDebInfo|x64.ActiveCfg = RelWithDebInfo|x64
		{C100325B-26D8-3B53-A806-CC61367FF1BF}.RelWithDebInfo|x64.Build.0 = RelWithDebInfo|x64
		{8046A816-C648-39C7-8160-BB59F67268E0}.Debug|x64.ActiveCfg = Debug|x64
		{8046A816-C648-39C7-8160-BB59F67268E0}.Debug|x64.Build.0 = Debug|x64
		{8046A816-C648-39C7-8160-BB59F67268E0}.Release|x64.ActiveCfg = Release|x64
		{8046A816-C648-39C7-8160-BB59F67268E0}.Release|x64.Build.0 = Release|x64
		{8046A816-C648-39C7-8160-BB59F67268E0}.MinSizeRel|x64.ActiveCfg = MinSizeRel|x64
		{8046A816-C648-39C7-8160-BB59F67268E0}.MinSizeRel|x64.Build.0 = MinSizeRel|x64
		{8046A816-C648-39C7-8160-BB59F67268E0}.RelWithDebInfo|x64.ActiveCfg = RelWithDebInfo|x64
		{8046A816-C648-39C7-8160-BB59F67268E0}.RelWithDebInfo|x64.Build.0 = RelWithDebInfo|x64
		{E229D851-0897-3FB4-B268-87463FB2E4B0}.Debug|x64.ActiveCfg = Debug|x64
		{E229D851-0897-3FB4-B268-87463FB2E4B0}.Debug|x64.Build.0 = Debug|x64
		{E229D851-0897-3FB4-B268-87463FB2E4B0}.Release|x64.ActiveCfg = Release|x64
		{E229D851-0897-3FB4-B268-87463FB2E4B0}.Release|x64.Build.0 = Release|x64
		{E229D851-0897-3FB4-B268-87463FB2E4B0}.MinSizeRel|x64.ActiveCfg = MinSizeRel|x64
		{E229D851-0897-3FB4-B268-87463FB2E4B0}.MinSizeRel|x64.Build.0 = MinSizeRel|x64
		{E229D851-0897-3FB4-B268-87463FB2E4B0}.RelWithDebInfo|x64.ActiveCfg = RelWithDebInfo|x64
		{E229D851-0897-3FB4-B268-87463FB2E4B0}.RelWithDebInfo|x64.Build.0 = RelWithDebInfo|x64
		{E94D502E-D940-38E0-A16E-CEBAE76B5BDE}.Debug|x64.ActiveCfg = Debug|x64
		{E94D502E-D940-38E0-A16E-CEBAE76B5BDE}.Debug|x64.Build.0 = Debug|x64
		{E94D502E-D940-38E0-A16E-CEBAE76B5BDE}.Release|x64.ActiveCfg = Release|x64
		{E94D502E-D940-38E0-A16E-CEBAE76B5BDE}.Release|x64.Build.0 = Release|x64
		{E94D502E-D940-38E0-A16E-CEBAE76B5BDE}.MinSizeRel|x64.ActiveCfg = MinSizeRel|x64
		{E94D502E-D940-38E0-A16E-CEBAE76B5BDE}.MinSizeRel|x64.Build.0 = MinSizeRel|x64
		{E94D502E-D940-38E0-A16E-CEBAE76B5BDE}.RelWithDebInfo|x64.ActiveCfg = RelWithDebInfo|x64
		{E94D502E-D940-38E0-A16E-CEBAE76B5BDE}.RelWithDebInfo|x64.Build.0 = RelWithDebInfo|x64
		{52B450AC-3AD6-34CF-931C-224DD51913C2}.Debug|x64.ActiveCfg = Debug|x64
		{52B450AC-3AD6-34CF-931C-224DD51913C2}.Debug|x64.Build.0 = Debug|x64
		{52B450AC-3AD6-34CF-931C-224DD51913C2}.Release|x64.ActiveCfg = Release|x64
		{52B450AC-3AD6-34CF-931C-224DD51913C2}.Release|x64.Build.0 = Release|x64
		{52B450AC-3AD6-34CF-931C-224DD51913C2}.MinSizeRel|x64.ActiveCfg = MinSizeRel|x64
		{52B450AC-3AD6-34CF-931C-224DD51913C2}.MinSizeRel|x64.Build.0 = MinSizeRel|x64
		{52B450AC-3AD6-34CF-931C-224DD51913C2}.RelWithDebInfo|x64.ActiveCfg = RelWithDebInfo|x64
		{52B450AC-3AD6-34CF-931C-224DD51913C2}.RelWithDebInfo|x64.Build.0 = RelWithDebInfo|x64
		{77D0D363-6CD9-3D76-AC8B-CA4B98DF974F}.Debug|x64.ActiveCfg = Debug|x64
		{77D0D363-6CD9-3D76-AC8B-CA4B98DF974F}.Debug|x64.Build.0 = Debug|x64
		{77D0D363-6CD9-3D76-AC8B-CA4B98DF974F}.Release|x64.ActiveCfg = Release|x64
		{77D0D363-6CD9-3D76-AC8B-CA4B98DF974F}.Release|x64.Build.0 = Release|x64
		{77D0D363-6CD9-3D76-AC8B-CA4B98DF974F}.MinSizeRel|x64.ActiveCfg = MinSizeRel|x64
		{77D0D363-6CD9-3D76-AC8B-CA4B98DF974F}.MinSizeRel|x64.Build.0 = MinSizeRel|x64
		{77D0D363-6CD9-3D76-AC8B-CA4B98DF974F}.RelWithDebInfo|x64.ActiveCfg = RelWithDebInfo|x64
		{77D0D363-6CD9-3D76-AC8B-CA4B98DF974F}.RelWithDebInfo|x64.Build.0 = RelWithDebInfo|x64
		{1134EC9D-AB95-383E-AC36-3715F615EA01}.Debug|x64.ActiveCfg = Debug|x64
		{1134EC9D-AB95-383E-AC36-3715F615EA01}.Debug|x64.Build.0 = Debug|x64
		{1134EC9D-AB95-383E-AC36-3715F615EA01}.Release|x64.ActiveCfg = Release|x64
		{1134EC9D-AB95-383E-AC36-3715F615EA01}.Release|x64.Build.0 = Release|x64
		{1134EC9D-AB95-383E-AC36-3715F615EA01}.MinSizeRel|x64.ActiveCfg = MinSizeRel|x64
		{1134EC9D-AB95-383E-AC36-3715F615EA01}.MinSizeRel|x64.Build.0 = MinSizeRel|x64
		{1134EC9D-AB95-383E-AC36-3715F615EA01}.RelWithDebInfo|x64.ActiveCfg = RelWithDebInfo|x64
		{1134EC9D-AB95-383E-AC36-3715F615EA01}.RelWithDebInfo|x64.Build.0 = RelWithDebInfo|x64
		{54C04057-FCEB-3503-B907-5C6F71F592D2}.Debug|x64.ActiveCfg = Debug|x64
		{54C04057-FCEB-3503-B907-5C6F71F592D2}.Debug|x64.Build.0 = Debug|x64
		{54C04057-FCEB-3503-B907-5C6F71F592D2}.Release|x64.ActiveCfg = Release|x64
		{54C04057-FCEB-3503-B907-5C6F71F592D2}.Release|x64.Build.0 = Release|x64
		{54C04057-FCEB-3503-B907-5C6F71F592D2}.MinSizeRel|x64.ActiveCfg = MinSizeRel|x64
		{54C04057-FCEB-3503-B907-5C6F71F592D2}.MinSizeRel|x64.Build.0 = MinSizeRel|x64
		{54C04057-FCEB-3503-B907-5C6F71F592D2}.RelWithDebInfo|x64.ActiveCfg = RelWithDebInfo|x64
		{54C04057-FCEB-3503-B907-5C6F71F592D2}.RelWithDebInfo|x64.Build.0 = RelWithDebInfo|x64
		{34727321-7CB8-3B53-8A5A-936D757BE06D}.Debug|x64.ActiveCfg = Debug|x64
		{34727321-7CB8-3B53-8A5A-936D757BE06D}.Debug|x64.Build.0 = Debug|x64
		{34727321-7CB8-3B53-8A5A-936D757BE06D}.Release|x64.ActiveCfg = Release|x64
		{34727321-7CB8-3B53-8A5A-936D757BE06D}.Release|x64.Build.0 = Release|x64
		{34727321-7CB8-3B53-8A5A-936D757BE06D}.MinSizeRel|x64.ActiveCfg = MinSizeRel|x64
		{34727321-7CB8-3B53-8A5A-936D757BE06D}.MinSizeRel|x64.Build.0 = MinSizeRel|x64
		{34727321-7CB8-3B53-8A5A-936D757BE06D}.RelWithDebInfo|x64.ActiveCfg = RelWithDebInfo|x64
		{34727321-7CB8-3B53-8A5A-936D757BE06D}.RelWithDebInfo|x64.Build.0 = RelWithDebInfo|x64
		{17571390-239D-305A-A695-A19D18723CC1}.Debug|x64.ActiveCfg = Debug|x64
		{17571390-239D-305A-A695-A19D18723CC1}.Debug|x64.Build.0 = Debug|x64
		{17571390-239D-305A-A695-A19D18723CC1}.Release|x64.ActiveCfg = Release|x64
		{17571390-239D-305A-A695-A19D18723CC1}.Release|x64.Build.0 = Release|x64
		{17571390-239D-305A-A695-A19D18723CC1}.MinSizeRel|x64.ActiveCfg = MinSizeRel|x64
		{17571390-239D-305A-A695-A19D18723CC1}.MinSizeRel|x64.Build.0 = MinSizeRel|x64
		{17571390-239D-305A-A695-A19D18723CC1}.RelWithDebInfo|x64.ActiveCfg = RelWithDebInfo|x64
		{17571390-239D-305A-A695-A19D18723CC1}.RelWithDebInfo|x64.Build.0 = RelWithDebInfo|x64
		{1643B3A2-898F-3C38-8321-FA9481E3D3B1}.Debug|x64.ActiveCfg = Debug|x64
		{1643B3A2-898F-3C38-8321-FA9481E3D3B1}.Debug|x64.Build.0 = Debug|x64
		{1643B3A2-898F-3C38-8321-FA9481E3D3B1}.Release|x64.ActiveCfg = Release|x64
		{1643B3A2-898F-3C38-8321-FA9481E3D3B1}.Release|x64.Build.0 = Release|x64
		{1643B3A2-898F-3C38-8321-FA9481E3D3B1}.MinSizeRel|x64.ActiveCfg = MinSizeRel|x64
		{1643B3A2-898F-3C38-8321-FA9481E3D3B1}.MinSizeRel|x64.Build.0 = MinSizeRel|x64
		{1643B3A2-898F-3C38-8321-FA9481E3D3B1}.RelWithDebInfo|x64.ActiveCfg = RelWithDebInfo|x64
		{1643B3A2-898F-3C38-8321-FA9481E3D3B1}.RelWithDebInfo|x64.Build.0 = RelWithDebInfo|x64
		{D1676E69-1B21-3023-93AB-E2366090EB1A}.Debug|x64.ActiveCfg = Debug|x64
		{D1676E69-1B21-3023-93AB-E2366090EB1A}.Debug|x64.Build.0 = Debug|x64
		{D1676E69-1B21-3023-93AB-E2366090EB1A}.Release|x64.ActiveCfg = Release|x64
		{D1676E69-1B21-3023-93AB-E2366090EB1A}.Release|x64.Build.0 = Release|x64
		{D1676E69-1B21-3023-93AB-E2366090EB1A}.MinSizeRel|x64.ActiveCfg = MinSizeRel|x64
		{D1676E69-1B21-3023-93AB-E2366090EB1A}.MinSizeRel|x64.Build.0 = MinSizeRel|x64
		{D1676E69-1B21-3023-93AB-E2366090EB1A}.RelWithDebInfo|x64.ActiveCfg = RelWithDebInfo|x64
		{D1676E69-1B21-3023-93AB-E2366090EB1A}.RelWithDebInfo|x64.Build.0 = RelWithDebInfo|x64
		{66FDF49C-356C-3A38-BFB5-D6AE67426369}.Debug|x64.ActiveCfg = Debug|x64
		{66FDF49C-356C-3A38-BFB5-D6AE67426369}.Debug|x64.Build.0 = Debug|x64
		{66FDF49C-356C-3A38-BFB5-D6AE67426369}.Release|x64.ActiveCfg = Release|x64
		{66FDF49C-356C-3A38-BFB5-D6AE67426369}.Release|x64.Build.0 = Release|x64
		{66FDF49C-356C-3A38-BFB5-D6AE67426369}.MinSizeRel|x64.ActiveCfg = MinSizeRel|x64
		{66FDF49C-356C-3A38-BFB5-D6AE67426369}.MinSizeRel|x64.Build.0 = MinSizeRel|x64
		{66FDF49C-356C-3A38-BFB5-D6AE67426369}.RelWithDebInfo|x64.ActiveCfg = RelWithDebInfo|x64
		{66FDF49C-356C-3A38-BFB5-D6AE67426369}.RelWithDebInfo|x64.Build.0 = RelWithDebInfo|x64
		{4507D81E-293A-36F8-868C-F18ABCE9F568}.Debug|x64.ActiveCfg = Debug|x64
		{4507D81E-293A-36F8-868C-F18ABCE9F568}.Debug|x64.Build.0 = Debug|x64
		{4507D81E-293A-36F8-868C-F18ABCE9F568}.Release|x64.ActiveCfg = Release|x64
		{4507D81E-293A-36F8-868C-F18ABCE9F568}.Release|x64.Build.0 = Release|x64
		{4507D81E-293A-36F8-868C-F18ABCE9F568}.MinSizeRel|x64.ActiveCfg = MinSizeRel|x64
		{4507D81E-293A-36F8-868C-F18ABCE9F568}.MinSizeRel|x64.Build.0 = MinSizeRel|x64
		{4507D81E-293A-36F8-868C-F18ABCE9F568}.RelWithDebInfo|x64.ActiveCfg = RelWithDebInfo|x64
		{4507D81E-293A-36F8-868C-F18ABCE9F568}.RelWithDebInfo|x64.Build.0 = RelWithDebInfo|x64
		{F2B7784E-6012-358A-A3AC-86367D34C065}.Debug|x64.ActiveCfg = Debug|x64
		{F2B7784E-6012-358A-A3AC-86367D34C065}.Debug|x64.Build.0 = Debug|x64
		{F2B7784E-6012-358A-A3AC-86367D34C065}.Release|x64.ActiveCfg = Release|x64
		{F2B7784E-6012-358A-A3AC-86367D34C065}.Release|x64.Build.0 = Release|x64
		{F2B7784E-6012-358A-A3AC-86367D34C065}.MinSizeRel|x64.ActiveCfg = MinSizeRel|x64
		{F2B7784E-6012-358A-A3AC-86367D34C065}.MinSizeRel|x64.Build.0 = MinSizeRel|x64
		{F2B7784E-6012-358A-A3AC-86367D34C065}.RelWithDebInfo|x64.ActiveCfg = RelWithDebInfo|x64
		{F2B7784E-6012-358A-A3AC-86367D34C065}.RelWithDebInfo|x64.Build.0 = RelWithDebInfo|x64
		{6C9C09B8-2ACD-3592-B953-11EE99FFA181}.Debug|x64.ActiveCfg = Debug|x64
		{6C9C09B8-2ACD-3592-B953-11EE99FFA181}.Debug|x64.Build.0 = Debug|x64
		{6C9C09B8-2ACD-3592-B953-11EE99FFA181}.Release|x64.ActiveCfg = Release|x64
		{6C9C09B8-2ACD-3592-B953-11EE99FFA181}.Release|x64.Build.0 = Release|x64
		{6C9C09B8-2ACD-3592-B953-11EE99FFA181}.MinSizeRel|x64.ActiveCfg = MinSizeRel|x64
		{6C9C09B8-2ACD-3592-B953-11EE99FFA181}.MinSizeRel|x64.Build.0 = MinSizeRel|x64
		{6C9C09B8-2ACD-3592-B953-11EE99FFA181}.RelWithDebInfo|x64.ActiveCfg = RelWithDebInfo|x64
		{6C9C09B8-2ACD-3592-B953-11EE99FFA181}.RelWithDebInfo|x64.Build.0 = RelWithDebInfo|x64
		{A5AD298B-ABCE-36E9-BF80-CBCF71E185B1}.Debug|x64.ActiveCfg = Debug|x64
		{A5AD298B-ABCE-36E9-BF80-CBCF71E185B1}.Debug|x64.Build.0 = Debug|x64
		{A5AD298B-ABCE-36E9-BF80-CBCF71E185B1}.Release|x64.ActiveCfg = Release|x64
		{A5AD298B-ABCE-36E9-BF80-CBCF71E185B1}.Release|x64.Build.0 = Release|x64
		{A5AD298B-ABCE-36E9-BF80-CBCF71E185B1}.MinSizeRel|x64.ActiveCfg = MinSizeRel|x64
		{A5AD298B-ABCE-36E9-BF80-CBCF71E185B1}.MinSizeRel|x64.Build.0 = MinSizeRel|x64
		{A5AD298B-ABCE-36E9-BF80-CBCF71E185B1}.RelWithDebInfo|x64.ActiveCfg = RelWithDebInfo|x64
		{A5AD298B-ABCE-36E9-BF80-CBCF71E185B1}.RelWithDebInfo|x64.Build.0 = RelWithDebInfo|x64
		{FAF284F0-19D4-3988-B053-C82EB015684B}.Debug|x64.ActiveCfg = Debug|x64
		{FAF284F0-19D4-3988-B053-C82EB015684B}.Debug|x64.Build.0 = Debug|x64
		{FAF284F0-19D4-3988-B053-C82EB015684B}.Release|x64.ActiveCfg = Release|x64
		{FAF284F0-19D4-3988-B053-C82EB015684B}.Release|x64.Build.0 = Release|x64
		{FAF284F0-19D4-3988-B053-C82EB015684B}.MinSizeRel|x64.ActiveCfg = MinSizeRel|x64
		{FAF284F0-19D4-3988-B053-C82EB015684B}.MinSizeRel|x64.Build.0 = MinSizeRel|x64
		{FAF284F0-19D4-3988-B053-C82EB015684B}.RelWithDebInfo|x64.ActiveCfg = RelWithDebInfo|x64
		{FAF284F0-19D4-3988-B053-C82EB015684B}.RelWithDebInfo|x64.Build.0 = RelWithDebInfo|x64
		{DFD830D2-CF59-3F2A-8144-1A6727A3A65B}.Debug|x64.ActiveCfg = Debug|x64
		{DFD830D2-CF59-3F2A-8144-1A6727A3A65B}.Debug|x64.Build.0 = Debug|x64
		{DFD830D2-CF59-3F2A-8144-1A6727A3A65B}.Release|x64.ActiveCfg = Release|x64
		{DFD830D2-CF59-3F2A-8144-1A6727A3A65B}.Release|x64.Build.0 = Release|x64
		{DFD830D2-CF59-3F2A-8144-1A6727A3A65B}.MinSizeRel|x64.ActiveCfg = MinSizeRel|x64
		{DFD830D2-CF59-3F2A-8144-1A6727A3A65B}.MinSizeRel|x64.Build.0 = MinSizeRel|x64
		{DFD830D2-CF59-3F2A-8144-1A6727A3A65B}.RelWithDebInfo|x64.ActiveCfg = RelWithDebInfo|x64
		{DFD830D2-CF59-3F2A-8144-1A6727A3A65B}.RelWithDebInfo|x64.Build.0 = RelWithDebInfo|x64
		{10C56754-3461-3D25-8207-2D3883FEDB32}.Debug|x64.ActiveCfg = Debug|x64
		{10C56754-3461-3D25-8207-2D3883FEDB32}.Debug|x64.Build.0 = Debug|x64
		{10C56754-3461-3D25-8207-2D3883FEDB32}.Release|x64.ActiveCfg = Release|x64
		{10C56754-3461-3D25-8207-2D3883FEDB32}.Release|x64.Build.0 = Release|x64
		{10C56754-3461-3D25-8207-2D3883FEDB32}.MinSizeRel|x64.ActiveCfg = MinSizeRel|x64
		{10C56754-3461-3D25-8207-2D3883FEDB32}.MinSizeRel|x64.Build.0 = MinSizeRel|x64
		{10C56754-3461-3D25-8207-2D3883FEDB32}.RelWithDebInfo|x64.ActiveCfg = RelWithDebInfo|x64
		{10C56754-3461-3D25-8207-2D3883FEDB32}.RelWithDebInfo|x64.Build.0 = RelWithDebInfo|x64
		{64E20319-47F9-3FE5-8557-B977EF9F488E}.Debug|x64.ActiveCfg = Debug|x64
		{64E20319-47F9-3FE5-8557-B977EF9F488E}.Debug|x64.Build.0 = Debug|x64
		{64E20319-47F9-3FE5-8557-B977EF9F488E}.Release|x64.ActiveCfg = Release|x64
		{64E20319-47F9-3FE5-8557-B977EF9F488E}.Release|x64.Build.0 = Release|x64
		{64E20319-47F9-3FE5-8557-B977EF9F488E}.MinSizeRel|x64.ActiveCfg = MinSizeRel|x64
		{64E20319-47F9-3FE5-8557-B977EF9F488E}.MinSizeRel|x64.Build.0 = MinSizeRel|x64
		{64E20319-47F9-3FE5-8557-B977EF9F488E}.RelWithDebInfo|x64.ActiveCfg = RelWithDebInfo|x64
		{64E20319-47F9-3FE5-8557-B977EF9F488E}.RelWithDebInfo|x64.Build.0 = RelWithDebInfo|x64
		{2F2E5F74-E77C-360C-9B23-7DF927E1DF7D}.Debug|x64.ActiveCfg = Debug|x64
		{2F2E5F74-E77C-360C-9B23-7DF927E1DF7D}.Debug|x64.Build.0 = Debug|x64
		{2F2E5F74-E77C-360C-9B23-7DF927E1DF7D}.Release|x64.ActiveCfg = Release|x64
		{2F2E5F74-E77C-360C-9B23-7DF927E1DF7D}.Release|x64.Build.0 = Release|x64
		{2F2E5F74-E77C-360C-9B23-7DF927E1DF7D}.MinSizeRel|x64.ActiveCfg = MinSizeRel|x64
		{2F2E5F74-E77C-360C-9B23-7DF927E1DF7D}.MinSizeRel|x64.Build.0 = MinSizeRel|x64
		{2F2E5F74-E77C-360C-9B23-7DF927E1DF7D}.RelWithDebInfo|x64.ActiveCfg = RelWithDebInfo|x64
		{2F2E5F74-E77C-360C-9B23-7DF927E1DF7D}.RelWithDebInfo|x64.Build.0 = RelWithDebInfo|x64
		{CACAAE4D-0FAE-3D3E-BD87-0CA6AE216384}.Debug|x64.ActiveCfg = Debug|x64
		{CACAAE4D-0FAE-3D3E-BD87-0CA6AE216384}.Debug|x64.Build.0 = Debug|x64
		{CACAAE4D-0FAE-3D3E-BD87-0CA6AE216384}.Release|x64.ActiveCfg = Release|x64
		{CACAAE4D-0FAE-3D3E-BD87-0CA6AE216384}.Release|x64.Build.0 = Release|x64
		{CACAAE4D-0FAE-3D3E-BD87-0CA6AE216384}.MinSizeRel|x64.ActiveCfg = MinSizeRel|x64
		{CACAAE4D-0FAE-3D3E-BD87-0CA6AE216384}.MinSizeRel|x64.Build.0 = MinSizeRel|x64
		{CACAAE4D-0FAE-3D3E-BD87-0CA6AE216384}.RelWithDebInfo|x64.ActiveCfg = RelWithDebInfo|x64
		{CACAAE4D-0FAE-3D3E-BD87-0CA6AE216384}.RelWithDebInfo|x64.Build.0 = RelWithDebInfo|x64
		{7942A971-9098-3391-8A93-C6943D05A4CD}.Debug|x64.ActiveCfg = Debug|x64
		{7942A971-9098-3391-8A93-C6943D05A4CD}.Release|x64.ActiveCfg = Release|x64
		{7942A971-9098-3391-8A93-C6943D05A4CD}.MinSizeRel|x64.ActiveCfg = MinSizeRel|x64
		{7942A971-9098-3391-8A93-C6943D05A4CD}.RelWithDebInfo|x64.ActiveCfg = RelWithDebInfo|x64
		{B75774BB-AFC7-39EF-BEA7-2DBF6CD7D207}.Debug|x64.ActiveCfg = Debug|x64
		{B75774BB-AFC7-39EF-BEA7-2DBF6CD7D207}.Release|x64.ActiveCfg = Release|x64
		{B75774BB-AFC7-39EF-BEA7-2DBF6CD7D207}.MinSizeRel|x64.ActiveCfg = MinSizeRel|x64
		{B75774BB-AFC7-39EF-BEA7-2DBF6CD7D207}.RelWithDebInfo|x64.ActiveCfg = RelWithDebInfo|x64
		{A4D5C74F-E6B5-3367-B505-BC58D1748683}.Debug|x64.ActiveCfg = Debug|x64
		{A4D5C74F-E6B5-3367-B505-BC58D1748683}.Debug|x64.Build.0 = Debug|x64
		{A4D5C74F-E6B5-3367-B505-BC58D1748683}.Release|x64.ActiveCfg = Release|x64
		{A4D5C74F-E6B5-3367-B505-BC58D1748683}.Release|x64.Build.0 = Release|x64
		{A4D5C74F-E6B5-3367-B505-BC58D1748683}.MinSizeRel|x64.ActiveCfg = MinSizeRel|x64
		{A4D5C74F-E6B5-3367-B505-BC58D1748683}.MinSizeRel|x64.Build.0 = MinSizeRel|x64
		{A4D5C74F-E6B5-3367-B505-BC58D1748683}.RelWithDebInfo|x64.ActiveCfg = RelWithDebInfo|x64
		{A4D5C74F-E6B5-3367-B505-BC58D1748683}.RelWithDebInfo|x64.Build.0 = RelWithDebInfo|x64
		{0CA8D1E0-16AB-3932-BAFD-44A43EE53D37}.Debug|x64.ActiveCfg = Debug|x64
		{0CA8D1E0-16AB-3932-BAFD-44A43EE53D37}.Debug|x64.Build.0 = Debug|x64
		{0CA8D1E0-16AB-3932-BAFD-44A43EE53D37}.Release|x64.ActiveCfg = Release|x64
		{0CA8D1E0-16AB-3932-BAFD-44A43EE53D37}.Release|x64.Build.0 = Release|x64
		{0CA8D1E0-16AB-3932-BAFD-44A43EE53D37}.MinSizeRel|x64.ActiveCfg = MinSizeRel|x64
		{0CA8D1E0-16AB-3932-BAFD-44A43EE53D37}.MinSizeRel|x64.Build.0 = MinSizeRel|x64
		{0CA8D1E0-16AB-3932-BAFD-44A43EE53D37}.RelWithDebInfo|x64.ActiveCfg = RelWithDebInfo|x64
		{0CA8D1E0-16AB-3932-BAFD-44A43EE53D37}.RelWithDebInfo|x64.Build.0 = RelWithDebInfo|x64
	EndGlobalSection
	GlobalSection(NestedProjects) = preSolution
		{86A912A3-5A89-321D-8FCB-3B8A00C5DA7B} = {9280AF6B-60DF-34CA-BD49-0FBA4EE689D0}
		{EEDF5E20-254F-3643-B181-D71D404BD93E} = {9280AF6B-60DF-34CA-BD49-0FBA4EE689D0}
		{9C759C50-533B-3BA0-B5D7-0E01E71B70BF} = {9280AF6B-60DF-34CA-BD49-0FBA4EE689D0}
		{3025440F-E13E-3E21-A2CD-6CBB3496DEC6} = {433BFA00-CA7A-3BB9-AF30-73FB8BB91888}
		{B52F8879-6F57-3918-845D-AA50B444D3FF} = {433BFA00-CA7A-3BB9-AF30-73FB8BB91888}
		{E229D851-0897-3FB4-B268-87463FB2E4B0} = {433BFA00-CA7A-3BB9-AF30-73FB8BB91888}
		{7942A971-9098-3391-8A93-C6943D05A4CD} = {433BFA00-CA7A-3BB9-AF30-73FB8BB91888}
		{B75774BB-AFC7-39EF-BEA7-2DBF6CD7D207} = {433BFA00-CA7A-3BB9-AF30-73FB8BB91888}
		{87C58ABB-EDC3-3597-ACE6-15DD1E0D390F} = {3025440F-E13E-3E21-A2CD-6CBB3496DEC6}
		{8046A816-C648-39C7-8160-BB59F67268E0} = {3025440F-E13E-3E21-A2CD-6CBB3496DEC6}
		{52B450AC-3AD6-34CF-931C-224DD51913C2} = {3025440F-E13E-3E21-A2CD-6CBB3496DEC6}
		{D1676E69-1B21-3023-93AB-E2366090EB1A} = {3025440F-E13E-3E21-A2CD-6CBB3496DEC6}
		{4507D81E-293A-36F8-868C-F18ABCE9F568} = {3025440F-E13E-3E21-A2CD-6CBB3496DEC6}
		{6C9C09B8-2ACD-3592-B953-11EE99FFA181} = {3025440F-E13E-3E21-A2CD-6CBB3496DEC6}
		{A5AD298B-ABCE-36E9-BF80-CBCF71E185B1} = {3025440F-E13E-3E21-A2CD-6CBB3496DEC6}
		{FAF284F0-19D4-3988-B053-C82EB015684B} = {3025440F-E13E-3E21-A2CD-6CBB3496DEC6}
		{A4D5C74F-E6B5-3367-B505-BC58D1748683} = {3025440F-E13E-3E21-A2CD-6CBB3496DEC6}
		{A80C8E60-220B-35DB-B16F-98EA4F93A9AB} = {B52F8879-6F57-3918-845D-AA50B444D3FF}
		{A551495C-1E46-31D9-88FE-DF9476313433} = {B52F8879-6F57-3918-845D-AA50B444D3FF}
		{377CD936-2D26-331F-BD16-5504A3E44DAC} = {B52F8879-6F57-3918-845D-AA50B444D3FF}
		{9569D437-B3A7-3D11-BAF0-56D804F61AC3} = {B52F8879-6F57-3918-845D-AA50B444D3FF}
		{C100325B-26D8-3B53-A806-CC61367FF1BF} = {B52F8879-6F57-3918-845D-AA50B444D3FF}
		{E94D502E-D940-38E0-A16E-CEBAE76B5BDE} = {B52F8879-6F57-3918-845D-AA50B444D3FF}
		{77D0D363-6CD9-3D76-AC8B-CA4B98DF974F} = {B52F8879-6F57-3918-845D-AA50B444D3FF}
		{1134EC9D-AB95-383E-AC36-3715F615EA01} = {B52F8879-6F57-3918-845D-AA50B444D3FF}
		{54C04057-FCEB-3503-B907-5C6F71F592D2} = {B52F8879-6F57-3918-845D-AA50B444D3FF}
		{34727321-7CB8-3B53-8A5A-936D757BE06D} = {B52F8879-6F57-3918-845D-AA50B444D3FF}
		{17571390-239D-305A-A695-A19D18723CC1} = {B52F8879-6F57-3918-845D-AA50B444D3FF}
		{1643B3A2-898F-3C38-8321-FA9481E3D3B1} = {B52F8879-6F57-3918-845D-AA50B444D3FF}
		{66FDF49C-356C-3A38-BFB5-D6AE67426369} = {B52F8879-6F57-3918-845D-AA50B444D3FF}
		{F2B7784E-6012-358A-A3AC-86367D34C065} = {B52F8879-6F57-3918-845D-AA50B444D3FF}
		{DFD830D2-CF59-3F2A-8144-1A6727A3A65B} = {B52F8879-6F57-3918-845D-AA50B444D3FF}
		{10C56754-3461-3D25-8207-2D3883FEDB32} = {B52F8879-6F57-3918-845D-AA50B444D3FF}
		{64E20319-47F9-3FE5-8557-B977EF9F488E} = {B52F8879-6F57-3918-845D-AA50B444D3FF}
		{2F2E5F74-E77C-360C-9B23-7DF927E1DF7D} = {B52F8879-6F57-3918-845D-AA50B444D3FF}
		{CACAAE4D-0FAE-3D3E-BD87-0CA6AE216384} = {B52F8879-6F57-3918-845D-AA50B444D3FF}
		{0CA8D1E0-16AB-3932-BAFD-44A43EE53D37} = {B52F8879-6F57-3918-845D-AA50B444D3FF}
	EndGlobalSection
	GlobalSection(ExtensibilityGlobals) = postSolution
		SolutionGuid = {8020D4BF-4ADF-3935-8CDF-0A7F67A4D43C}
	EndGlobalSection
	GlobalSection(ExtensibilityAddIns) = postSolution
	EndGlobalSection
EndGlobal
