<?xml version="1.0" encoding="utf-8"?>
<Project ToolsVersion="17.0" xmlns="http://schemas.microsoft.com/developer/msbuild/2003">
  <ItemGroup>
    <CustomBuild Include="C:\Users\lukas\source\repos\render-backends\lib\glfw\CMakeFiles\4a2d375a0ac8839d4655ca471ede94eb\update_mappings.rule">
      <Filter>CMake Rules</Filter>
    </CustomBuild>
    <CustomBuild Include="C:\Users\lukas\source\repos\render-backends\lib\glfw\src\CMakeLists.txt" />
  </ItemGroup>
  <ItemGroup>
    <None Include="C:\Users\lukas\source\repos\render-backends\lib\glfw\src\mappings.h.in">
      <Filter>Header Files</Filter>
    </None>
    <None Include="C:\Users\lukas\source\repos\render-backends\lib\glfw\CMake\GenerateMappings.cmake" />
    <None Include="C:\Users\lukas\source\repos\render-backends\lib\glfw\src\CMakeFiles\update_mappings" />
  </ItemGroup>
  <ItemGroup>
    <Filter Include="CMake Rules">
      <UniqueIdentifier>{28082E51-4E61-33AE-AE4B-D6E6F81E1AFD}</UniqueIdentifier>
    </Filter>
    <Filter Include="Header Files">
      <UniqueIdentifier>{98593DEF-717B-36E2-9AAB-4B627D9B5067}</UniqueIdentifier>
    </Filter>
  </ItemGroup>
</Project>
